
Microsoft Visual Studio Solution File, Format Version 12.00
# Visual Studio 15
VisualStudioVersion = 15.0.27130.2026
MinimumVisualStudioVersion = 10.0.40219.1
Project("{FAE04EC0-301F-11D3-BF4B-00C04F79EFBC}") = "LAB04-EXCEPTION_MANAGEMENT", "LAB04-EXCEPTION_MANAGEMENT\LAB04-EXCEPTION_MANAGEMENT.csproj", "{D7308312-5D86-46BD-AA05-3AB315CB0092}"
EndProject
Global
	GlobalSection(SolutionConfigurationPlatforms) = preSolution
		Debug|Any CPU = Debug|Any CPU
		Release|Any CPU = Release|Any CPU
	EndGlobalSection
	GlobalSection(ProjectConfigurationPlatforms) = postSolution
		{D7308312-5D86-46BD-AA05-3AB315CB0092}.Debug|Any CPU.ActiveCfg = Debug|Any CPU
		{D7308312-5D86-46BD-AA05-3AB315CB0092}.Debug|Any CPU.Build.0 = Debug|Any CPU
		{D7308312-5D86-46BD-AA05-3AB315CB0092}.Release|Any CPU.ActiveCfg = Release|Any CPU
		{D7308312-5D86-46BD-AA05-3AB315CB0092}.Release|Any CPU.Build.0 = Release|Any CPU
	EndGlobalSection
	GlobalSection(SolutionProperties) = preSolution
		HideSolutionNode = FALSE
	EndGlobalSection
	GlobalSection(ExtensibilityGlobals) = postSolution
		SolutionGuid = {1F9D886E-1C0A-447F-AE89-6DD9B368123F}
	EndGlobalSection
EndGlobal
